
Microsoft Visual Studio Solution File, Format Version 12.00
# Visual Studio 15
VisualStudioVersion = 15.0.28307.271
MinimumVisualStudioVersion = 10.0.40219.1
Project("{FAE04EC0-301F-11D3-BF4B-00C04F79EFBC}") = "KeThua_sample", "KeThua_sample\KeThua_sample.csproj", "{343BD821-A34F-412A-9006-5FC7199FCA1B}"
EndProject
Project("{FAE04EC0-301F-11D3-BF4B-00C04F79EFBC}") = "Protected_sample", "Protected_sample\Protected_sample.csproj", "{D40B8F36-8033-4DD2-9B3A-8D8B71B24F54}"
EndProject
Project("{FAE04EC0-301F-11D3-BF4B-00C04F79EFBC}") = "ConStructor_sample", "ConStructor_sample\ConStructor_sample.csproj", "{41AAEE22-B0B2-48A4-B7AD-CD0C42AD11C5}"
EndProject
Project("{FAE04EC0-301F-11D3-BF4B-00C04F79EFBC}") = "VirtualMethod_sample", "VirtualMethod_sample\VirtualMethod_sample.csproj", "{F2E0AFB7-3E75-436B-BD03-CB43F30FEC90}"
EndProject
Project("{FAE04EC0-301F-11D3-BF4B-00C04F79EFBC}") = "Shap01", "Sharp01\Shap01.csproj", "{5F0EC7FE-7ECC-4BC4-A480-36F7267AF845}"
EndProject
Project("{FAE04EC0-301F-11D3-BF4B-00C04F79EFBC}") = "Shape02", "Shape02\Shape02.csproj", "{72F4397D-99A1-46ED-B42E-929E269CE4E0}"
EndProject
Project("{FAE04EC0-301F-11D3-BF4B-00C04F79EFBC}") = "Scaler01", "Scaler01\Scaler01.csproj", "{9805AFDC-F0C0-40B9-8AE8-847C53E801B7}"
EndProject
Global
	GlobalSection(SolutionConfigurationPlatforms) = preSolution
		Debug|Any CPU = Debug|Any CPU
		Release|Any CPU = Release|Any CPU
	EndGlobalSection
	GlobalSection(ProjectConfigurationPlatforms) = postSolution
		{343BD821-A34F-412A-9006-5FC7199FCA1B}.Debug|Any CPU.ActiveCfg = Debug|Any CPU
		{343BD821-A34F-412A-9006-5FC7199FCA1B}.Debug|Any CPU.Build.0 = Debug|Any CPU
		{343BD821-A34F-412A-9006-5FC7199FCA1B}.Release|Any CPU.ActiveCfg = Release|Any CPU
		{343BD821-A34F-412A-9006-5FC7199FCA1B}.Release|Any CPU.Build.0 = Release|Any CPU
		{D40B8F36-8033-4DD2-9B3A-8D8B71B24F54}.Debug|Any CPU.ActiveCfg = Debug|Any CPU
		{D40B8F36-8033-4DD2-9B3A-8D8B71B24F54}.Debug|Any CPU.Build.0 = Debug|Any CPU
		{D40B8F36-8033-4DD2-9B3A-8D8B71B24F54}.Release|Any CPU.ActiveCfg = Release|Any CPU
		{D40B8F36-8033-4DD2-9B3A-8D8B71B24F54}.Release|Any CPU.Build.0 = Release|Any CPU
		{41AAEE22-B0B2-48A4-B7AD-CD0C42AD11C5}.Debug|Any CPU.ActiveCfg = Debug|Any CPU
		{41AAEE22-B0B2-48A4-B7AD-CD0C42AD11C5}.Debug|Any CPU.Build.0 = Debug|Any CPU
		{41AAEE22-B0B2-48A4-B7AD-CD0C42AD11C5}.Release|Any CPU.ActiveCfg = Release|Any CPU
		{41AAEE22-B0B2-48A4-B7AD-CD0C42AD11C5}.Release|Any CPU.Build.0 = Release|Any CPU
		{F2E0AFB7-3E75-436B-BD03-CB43F30FEC90}.Debug|Any CPU.ActiveCfg = Debug|Any CPU
		{F2E0AFB7-3E75-436B-BD03-CB43F30FEC90}.Debug|Any CPU.Build.0 = Debug|Any CPU
		{F2E0AFB7-3E75-436B-BD03-CB43F30FEC90}.Release|Any CPU.ActiveCfg = Release|Any CPU
		{F2E0AFB7-3E75-436B-BD03-CB43F30FEC90}.Release|Any CPU.Build.0 = Release|Any CPU
		{5F0EC7FE-7ECC-4BC4-A480-36F7267AF845}.Debug|Any CPU.ActiveCfg = Debug|Any CPU
		{5F0EC7FE-7ECC-4BC4-A480-36F7267AF845}.Debug|Any CPU.Build.0 = Debug|Any CPU
		{5F0EC7FE-7ECC-4BC4-A480-36F7267AF845}.Release|Any CPU.ActiveCfg = Release|Any CPU
		{5F0EC7FE-7ECC-4BC4-A480-36F7267AF845}.Release|Any CPU.Build.0 = Release|Any CPU
		{72F4397D-99A1-46ED-B42E-929E269CE4E0}.Debug|Any CPU.ActiveCfg = Debug|Any CPU
		{72F4397D-99A1-46ED-B42E-929E269CE4E0}.Debug|Any CPU.Build.0 = Debug|Any CPU
		{72F4397D-99A1-46ED-B42E-929E269CE4E0}.Release|Any CPU.ActiveCfg = Release|Any CPU
		{72F4397D-99A1-46ED-B42E-929E269CE4E0}.Release|Any CPU.Build.0 = Release|Any CPU
		{9805AFDC-F0C0-40B9-8AE8-847C53E801B7}.Debug|Any CPU.ActiveCfg = Debug|Any CPU
		{9805AFDC-F0C0-40B9-8AE8-847C53E801B7}.Debug|Any CPU.Build.0 = Debug|Any CPU
		{9805AFDC-F0C0-40B9-8AE8-847C53E801B7}.Release|Any CPU.ActiveCfg = Release|Any CPU
		{9805AFDC-F0C0-40B9-8AE8-847C53E801B7}.Release|Any CPU.Build.0 = Release|Any CPU
	EndGlobalSection
	GlobalSection(SolutionProperties) = preSolution
		HideSolutionNode = FALSE
	EndGlobalSection
	GlobalSection(ExtensibilityGlobals) = postSolution
		SolutionGuid = {4CFEA0EB-8066-4365-90F2-B8B9C184F168}
	EndGlobalSection
EndGlobal
