
Microsoft Visual Studio Solution File, Format Version 12.00
# Visual Studio Version 16
VisualStudioVersion = 16.0.30804.86
MinimumVisualStudioVersion = 10.0.40219.1
Project("{FAE04EC0-301F-11D3-BF4B-00C04F79EFBC}") = "prjNorthWind", "prjNorthWind\prjNorthWind.csproj", "{D198F93A-9051-4D02-9915-762E089659E6}"
EndProject
Global
	GlobalSection(SolutionConfigurationPlatforms) = preSolution
		Debug|Any CPU = Debug|Any CPU
		Release|Any CPU = Release|Any CPU
	EndGlobalSection
	GlobalSection(ProjectConfigurationPlatforms) = postSolution
		{D198F93A-9051-4D02-9915-762E089659E6}.Debug|Any CPU.ActiveCfg = Debug|Any CPU
		{D198F93A-9051-4D02-9915-762E089659E6}.Debug|Any CPU.Build.0 = Debug|Any CPU
		{D198F93A-9051-4D02-9915-762E089659E6}.Release|Any CPU.ActiveCfg = Release|Any CPU
		{D198F93A-9051-4D02-9915-762E089659E6}.Release|Any CPU.Build.0 = Release|Any CPU
	EndGlobalSection
	GlobalSection(SolutionProperties) = preSolution
		HideSolutionNode = FALSE
	EndGlobalSection
	GlobalSection(ExtensibilityGlobals) = postSolution
		SolutionGuid = {428BA42A-EBBE-4C81-B88E-243185B9FA2F}
	EndGlobalSection
EndGlobal
